
Microsoft Visual Studio Solution File, Format Version 12.00
# Visual Studio 2013
VisualStudioVersion = 12.0.30501.0
MinimumVisualStudioVersion = 10.0.40219.1
Project("{FAE04EC0-301F-11D3-BF4B-00C04F79EFBC}") = "WpfApplication.CollectorLight", "WpfApplication.CollectorLight\WpfApplication.CollectorLight.csproj", "{2043E5CD-0518-4978-B21C-B3D6A66E826C}"
EndProject
Global
	GlobalSection(SolutionConfigurationPlatforms) = preSolution
		Debug|Any CPU = Debug|Any CPU
		Release|Any CPU = Release|Any CPU
	EndGlobalSection
	GlobalSection(ProjectConfigurationPlatforms) = postSolution
		{2043E5CD-0518-4978-B21C-B3D6A66E826C}.Debug|Any CPU.ActiveCfg = Debug|Any CPU
		{2043E5CD-0518-4978-B21C-B3D6A66E826C}.Debug|Any CPU.Build.0 = Debug|Any CPU
		{2043E5CD-0518-4978-B21C-B3D6A66E826C}.Release|Any CPU.ActiveCfg = Release|Any CPU
		{2043E5CD-0518-4978-B21C-B3D6A66E826C}.Release|Any CPU.Build.0 = Release|Any CPU
	EndGlobalSection
	GlobalSection(SolutionProperties) = preSolution
		HideSolutionNode = FALSE
	EndGlobalSection
EndGlobal
